
Microsoft Visual Studio Solution File, Format Version 12.00
# Visual Studio Version 16
VisualStudioVersion = 16.0.29409.12
MinimumVisualStudioVersion = 10.0.40219.1
Project("{FAE04EC0-301F-11D3-BF4B-00C04F79EFBC}") = "EmployementManagement", "EmployementManagement\EmployementManagement.csproj", "{CAE79491-3334-48BD-AEBE-A6B10D302C1A}"
EndProject
Global
	GlobalSection(SolutionConfigurationPlatforms) = preSolution
		Debug|Any CPU = Debug|Any CPU
		Release|Any CPU = Release|Any CPU
	EndGlobalSection
	GlobalSection(ProjectConfigurationPlatforms) = postSolution
		{CAE79491-3334-48BD-AEBE-A6B10D302C1A}.Debug|Any CPU.ActiveCfg = Debug|Any CPU
		{CAE79491-3334-48BD-AEBE-A6B10D302C1A}.Debug|Any CPU.Build.0 = Debug|Any CPU
		{CAE79491-3334-48BD-AEBE-A6B10D302C1A}.Release|Any CPU.ActiveCfg = Release|Any CPU
		{CAE79491-3334-48BD-AEBE-A6B10D302C1A}.Release|Any CPU.Build.0 = Release|Any CPU
	EndGlobalSection
	GlobalSection(SolutionProperties) = preSolution
		HideSolutionNode = FALSE
	EndGlobalSection
	GlobalSection(ExtensibilityGlobals) = postSolution
		SolutionGuid = {E304E865-2344-475E-9398-920D4FC33967}
	EndGlobalSection
EndGlobal
